
Microsoft Visual Studio Solution File, Format Version 12.00
# Visual Studio Version 17
VisualStudioVersion = 17.8.34330.188
MinimumVisualStudioVersion = 10.0.40219.1
Project("{9A19103F-16F7-4668-BE54-9A1E7A4F7556}") = "CleanArchitecture.Infrastructure", "CleanArchitecture.Infrastructure\CleanArchitecture.Infrastructure.csproj", "{1B44858A-1F08-4D1B-BE8E-7751DA8B36B0}"
EndProject
Project("{FAE04EC0-301F-11D3-BF4B-00C04F79EFBC}") = "CleanArchitecture.API", "CleanArchitecture.API\CleanArchitecture.API.csproj", "{2784F13B-ADC2-4738-8276-4AD79DA787FD}"
EndProject
Global
	GlobalSection(SolutionConfigurationPlatforms) = preSolution
		Debug|Any CPU = Debug|Any CPU
		Release|Any CPU = Release|Any CPU
	EndGlobalSection
	GlobalSection(ProjectConfigurationPlatforms) = postSolution
		{1B44858A-1F08-4D1B-BE8E-7751DA8B36B0}.Debug|Any CPU.ActiveCfg = Debug|Any CPU
		{1B44858A-1F08-4D1B-BE8E-7751DA8B36B0}.Debug|Any CPU.Build.0 = Debug|Any CPU
		{1B44858A-1F08-4D1B-BE8E-7751DA8B36B0}.Release|Any CPU.ActiveCfg = Release|Any CPU
		{1B44858A-1F08-4D1B-BE8E-7751DA8B36B0}.Release|Any CPU.Build.0 = Release|Any CPU
		{2784F13B-ADC2-4738-8276-4AD79DA787FD}.Debug|Any CPU.ActiveCfg = Debug|Any CPU
		{2784F13B-ADC2-4738-8276-4AD79DA787FD}.Debug|Any CPU.Build.0 = Debug|Any CPU
		{2784F13B-ADC2-4738-8276-4AD79DA787FD}.Release|Any CPU.ActiveCfg = Release|Any CPU
		{2784F13B-ADC2-4738-8276-4AD79DA787FD}.Release|Any CPU.Build.0 = Release|Any CPU
	EndGlobalSection
	GlobalSection(SolutionProperties) = preSolution
		HideSolutionNode = FALSE
	EndGlobalSection
	GlobalSection(ExtensibilityGlobals) = postSolution
		SolutionGuid = {174521F2-D836-4F09-BE15-7334FDD82DF4}
	EndGlobalSection
EndGlobal
